// !$*UTF8*$!
{
	archiveVersion = 1;
	classes = {
	};
	objectVersion = 46;
	objects = {

/* Begin PBXBuildFile section */
		76BAB2F11682CDA400A789EA /* ServerProtocol.m in Sources */ = {isa = PBXBuildFile; fileRef = 76BAB2F01682CDA400A789EA /* ServerProtocol.m */; };
		76BAB2F41682CDCB00A789EA /* NSString+Addition.m in Sources */ = {isa = PBXBuildFile; fileRef = 76BAB2F31682CDCB00A789EA /* NSString+Addition.m */; };
		76BAB2F71682CEE200A789EA /* NSData+NSDataAdditions.m in Sources */ = {isa = PBXBuildFile; fileRef = 76BAB2F61682CEE200A789EA /* NSData+NSDataAdditions.m */; };
		76BAB2FB1688128100A789EA /* RegistrationViewController.m in Sources */ = {isa = PBXBuildFile; fileRef = 76BAB2F91688128100A789EA /* RegistrationViewController.m */; };
		76BAB2FC1688128100A789EA /* RegistrationViewController.xib in Resources */ = {isa = PBXBuildFile; fileRef = 76BAB2FA1688128100A789EA /* RegistrationViewController.xib */; };
		8868EB7D1678EB710036A0DA /* Cocoa.framework in Frameworks */ = {isa = PBXBuildFile; fileRef = 8868EB7C1678EB710036A0DA /* Cocoa.framework */; };
		8868EB871678EB710036A0DA /* InfoPlist.strings in Resources */ = {isa = PBXBuildFile; fileRef = 8868EB851678EB710036A0DA /* InfoPlist.strings */; };
		8868EB891678EB710036A0DA /* main.m in Sources */ = {isa = PBXBuildFile; fileRef = 8868EB881678EB710036A0DA /* main.m */; };
		8868EB8D1678EB710036A0DA /* Credits.rtf in Resources */ = {isa = PBXBuildFile; fileRef = 8868EB8B1678EB710036A0DA /* Credits.rtf */; };
		8868EB901678EB710036A0DA /* AppDelegate.m in Sources */ = {isa = PBXBuildFile; fileRef = 8868EB8F1678EB710036A0DA /* AppDelegate.m */; };
		8868EB931678EB710036A0DA /* MainMenu.xib in Resources */ = {isa = PBXBuildFile; fileRef = 8868EB911678EB710036A0DA /* MainMenu.xib */; };
		8868EBA016790C590036A0DA /* sync-image_red.png in Resources */ = {isa = PBXBuildFile; fileRef = 8868EB9E16790C590036A0DA /* sync-image_red.png */; };
		8868EBA116790C590036A0DA /* sync-image.png in Resources */ = {isa = PBXBuildFile; fileRef = 8868EB9F16790C590036A0DA /* sync-image.png */; };
		8868EBAA1679374D0036A0DA /* OptionsWindowController.m in Sources */ = {isa = PBXBuildFile; fileRef = 8868EBA81679374D0036A0DA /* OptionsWindowController.m */; };
		8868EBAB1679374D0036A0DA /* OptionsWindowController.xib in Resources */ = {isa = PBXBuildFile; fileRef = 8868EBA91679374D0036A0DA /* OptionsWindowController.xib */; };
		8868EBAF16793AD70036A0DA /* LoginWindowController.m in Sources */ = {isa = PBXBuildFile; fileRef = 8868EBAD16793AD70036A0DA /* LoginWindowController.m */; };
		8868EBB016793AD70036A0DA /* LoginWindowController.xib in Resources */ = {isa = PBXBuildFile; fileRef = 8868EBAE16793AD70036A0DA /* LoginWindowController.xib */; };
/* End PBXBuildFile section */

/* Begin PBXFileReference section */
		76BAB2EF1682CDA400A789EA /* ServerProtocol.h */ = {isa = PBXFileReference; fileEncoding = 4; lastKnownFileType = sourcecode.c.h; path = ServerProtocol.h; sourceTree = "<group>"; };
		76BAB2F01682CDA400A789EA /* ServerProtocol.m */ = {isa = PBXFileReference; fileEncoding = 4; lastKnownFileType = sourcecode.c.objc; path = ServerProtocol.m; sourceTree = "<group>"; };
		76BAB2F21682CDCB00A789EA /* NSString+Addition.h */ = {isa = PBXFileReference; fileEncoding = 4; lastKnownFileType = sourcecode.c.h; path = "NSString+Addition.h"; sourceTree = "<group>"; };
		76BAB2F31682CDCB00A789EA /* NSString+Addition.m */ = {isa = PBXFileReference; fileEncoding = 4; lastKnownFileType = sourcecode.c.objc; path = "NSString+Addition.m"; sourceTree = "<group>"; };
		76BAB2F51682CEE200A789EA /* NSData+NSDataAdditions.h */ = {isa = PBXFileReference; fileEncoding = 4; lastKnownFileType = sourcecode.c.h; path = "NSData+NSDataAdditions.h"; sourceTree = "<group>"; };
		76BAB2F61682CEE200A789EA /* NSData+NSDataAdditions.m */ = {isa = PBXFileReference; fileEncoding = 4; lastKnownFileType = sourcecode.c.objc; path = "NSData+NSDataAdditions.m"; sourceTree = "<group>"; };
		76BAB2F81688128100A789EA /* RegistrationViewController.h */ = {isa = PBXFileReference; fileEncoding = 4; lastKnownFileType = sourcecode.c.h; name = RegistrationViewController.h; path = ClippyMacClient/RegistrationViewController.h; sourceTree = "<group>"; };
		76BAB2F91688128100A789EA /* RegistrationViewController.m */ = {isa = PBXFileReference; fileEncoding = 4; lastKnownFileType = sourcecode.c.objc; name = RegistrationViewController.m; path = ClippyMacClient/RegistrationViewController.m; sourceTree = "<group>"; };
		76BAB2FA1688128100A789EA /* RegistrationViewController.xib */ = {isa = PBXFileReference; fileEncoding = 4; lastKnownFileType = file.xib; name = RegistrationViewController.xib; path = ClippyMacClient/RegistrationViewController.xib; sourceTree = "<group>"; };
		8868EB781678EB710036A0DA /* ClippyMacClient.app */ = {isa = PBXFileReference; explicitFileType = wrapper.application; includeInIndex = 0; path = ClippyMacClient.app; sourceTree = BUILT_PRODUCTS_DIR; };
		8868EB7C1678EB710036A0DA /* Cocoa.framework */ = {isa = PBXFileReference; lastKnownFileType = wrapper.framework; name = Cocoa.framework; path = System/Library/Frameworks/Cocoa.framework; sourceTree = SDKROOT; };
		8868EB7F1678EB710036A0DA /* AppKit.framework */ = {isa = PBXFileReference; lastKnownFileType = wrapper.framework; name = AppKit.framework; path = System/Library/Frameworks/AppKit.framework; sourceTree = SDKROOT; };
		8868EB801678EB710036A0DA /* CoreData.framework */ = {isa = PBXFileReference; lastKnownFileType = wrapper.framework; name = CoreData.framework; path = System/Library/Frameworks/CoreData.framework; sourceTree = SDKROOT; };
		8868EB811678EB710036A0DA /* Foundation.framework */ = {isa = PBXFileReference; lastKnownFileType = wrapper.framework; name = Foundation.framework; path = System/Library/Frameworks/Foundation.framework; sourceTree = SDKROOT; };
		8868EB841678EB710036A0DA /* ClippyMacClient-Info.plist */ = {isa = PBXFileReference; lastKnownFileType = text.plist.xml; path = "ClippyMacClient-Info.plist"; sourceTree = "<group>"; };
		8868EB861678EB710036A0DA /* en */ = {isa = PBXFileReference; lastKnownFileType = text.plist.strings; name = en; path = en.lproj/InfoPlist.strings; sourceTree = "<group>"; };
		8868EB881678EB710036A0DA /* main.m */ = {isa = PBXFileReference; lastKnownFileType = sourcecode.c.objc; path = main.m; sourceTree = "<group>"; };
		8868EB8A1678EB710036A0DA /* ClippyMacClient-Prefix.pch */ = {isa = PBXFileReference; lastKnownFileType = sourcecode.c.h; path = "ClippyMacClient-Prefix.pch"; sourceTree = "<group>"; };
		8868EB8C1678EB710036A0DA /* en */ = {isa = PBXFileReference; lastKnownFileType = text.rtf; name = en; path = en.lproj/Credits.rtf; sourceTree = "<group>"; };
		8868EB8E1678EB710036A0DA /* AppDelegate.h */ = {isa = PBXFileReference; lastKnownFileType = sourcecode.c.h; path = AppDelegate.h; sourceTree = "<group>"; };
		8868EB8F1678EB710036A0DA /* AppDelegate.m */ = {isa = PBXFileReference; lastKnownFileType = sourcecode.c.objc; path = AppDelegate.m; sourceTree = "<group>"; };
		8868EB921678EB710036A0DA /* en */ = {isa = PBXFileReference; lastKnownFileType = file.xib; name = en; path = en.lproj/MainMenu.xib; sourceTree = "<group>"; };
		8868EB9E16790C590036A0DA /* sync-image_red.png */ = {isa = PBXFileReference; lastKnownFileType = image.png; path = "sync-image_red.png"; sourceTree = "<group>"; };
		8868EB9F16790C590036A0DA /* sync-image.png */ = {isa = PBXFileReference; lastKnownFileType = image.png; path = "sync-image.png"; sourceTree = "<group>"; };
		8868EBA71679374D0036A0DA /* OptionsWindowController.h */ = {isa = PBXFileReference; fileEncoding = 4; lastKnownFileType = sourcecode.c.h; path = OptionsWindowController.h; sourceTree = "<group>"; };
		8868EBA81679374D0036A0DA /* OptionsWindowController.m */ = {isa = PBXFileReference; fileEncoding = 4; lastKnownFileType = sourcecode.c.objc; path = OptionsWindowController.m; sourceTree = "<group>"; };
		8868EBA91679374D0036A0DA /* OptionsWindowController.xib */ = {isa = PBXFileReference; fileEncoding = 4; lastKnownFileType = file.xib; path = OptionsWindowController.xib; sourceTree = "<group>"; };
		8868EBAC16793AD70036A0DA /* LoginWindowController.h */ = {isa = PBXFileReference; fileEncoding = 4; lastKnownFileType = sourcecode.c.h; path = LoginWindowController.h; sourceTree = "<group>"; };
		8868EBAD16793AD70036A0DA /* LoginWindowController.m */ = {isa = PBXFileReference; fileEncoding = 4; lastKnownFileType = sourcecode.c.objc; path = LoginWindowController.m; sourceTree = "<group>"; };
		8868EBAE16793AD70036A0DA /* LoginWindowController.xib */ = {isa = PBXFileReference; fileEncoding = 4; lastKnownFileType = file.xib; path = LoginWindowController.xib; sourceTree = "<group>"; };
/* End PBXFileReference section */

/* Begin PBXFrameworksBuildPhase section */
		8868EB751678EB710036A0DA /* Frameworks */ = {
			isa = PBXFrameworksBuildPhase;
			buildActionMask = 2147483647;
			files = (
				8868EB7D1678EB710036A0DA /* Cocoa.framework in Frameworks */,
			);
			runOnlyForDeploymentPostprocessing = 0;
		};
/* End PBXFrameworksBuildPhase section */

/* Begin PBXGroup section */
		76F4AEF5168178E100EA53C9 /* BusinessLogic */ = {
			isa = PBXGroup;
			children = (
				76BAB2F21682CDCB00A789EA /* NSString+Addition.h */,
				76BAB2F31682CDCB00A789EA /* NSString+Addition.m */,
				76BAB2EF1682CDA400A789EA /* ServerProtocol.h */,
				76BAB2F01682CDA400A789EA /* ServerProtocol.m */,
				76BAB2F51682CEE200A789EA /* NSData+NSDataAdditions.h */,
				76BAB2F61682CEE200A789EA /* NSData+NSDataAdditions.m */,
			);
			name = BusinessLogic;
			sourceTree = "<group>";
		};
		8868EB6D1678EB710036A0DA = {
			isa = PBXGroup;
			children = (
				76BAB2F81688128100A789EA /* RegistrationViewController.h */,
				76BAB2F91688128100A789EA /* RegistrationViewController.m */,
				76BAB2FA1688128100A789EA /* RegistrationViewController.xib */,
				8868EB821678EB710036A0DA /* ClippyMacClient */,
				8868EB7B1678EB710036A0DA /* Frameworks */,
				8868EB791678EB710036A0DA /* Products */,
			);
			sourceTree = "<group>";
		};
		8868EB791678EB710036A0DA /* Products */ = {
			isa = PBXGroup;
			children = (
				8868EB781678EB710036A0DA /* ClippyMacClient.app */,
			);
			name = Products;
			sourceTree = "<group>";
		};
		8868EB7B1678EB710036A0DA /* Frameworks */ = {
			isa = PBXGroup;
			children = (
				8868EB7C1678EB710036A0DA /* Cocoa.framework */,
				8868EB7E1678EB710036A0DA /* Other Frameworks */,
			);
			name = Frameworks;
			sourceTree = "<group>";
		};
		8868EB7E1678EB710036A0DA /* Other Frameworks */ = {
			isa = PBXGroup;
			children = (
				8868EB7F1678EB710036A0DA /* AppKit.framework */,
				8868EB801678EB710036A0DA /* CoreData.framework */,
				8868EB811678EB710036A0DA /* Foundation.framework */,
			);
			name = "Other Frameworks";
			sourceTree = "<group>";
		};
		8868EB821678EB710036A0DA /* ClippyMacClient */ = {
			isa = PBXGroup;
			children = (
				76F4AEF5168178E100EA53C9 /* BusinessLogic */,
				8868EB991678F31E0036A0DA /* Resources */,
				8868EB8E1678EB710036A0DA /* AppDelegate.h */,
				8868EB8F1678EB710036A0DA /* AppDelegate.m */,
				8868EB911678EB710036A0DA /* MainMenu.xib */,
				8868EB831678EB710036A0DA /* Supporting Files */,
				8868EBA71679374D0036A0DA /* OptionsWindowController.h */,
				8868EBA81679374D0036A0DA /* OptionsWindowController.m */,
				8868EBA91679374D0036A0DA /* OptionsWindowController.xib */,
				8868EBAC16793AD70036A0DA /* LoginWindowController.h */,
				8868EBAD16793AD70036A0DA /* LoginWindowController.m */,
				8868EBAE16793AD70036A0DA /* LoginWindowController.xib */,
			);
			path = ClippyMacClient;
			sourceTree = "<group>";
		};
		8868EB831678EB710036A0DA /* Supporting Files */ = {
			isa = PBXGroup;
			children = (
				8868EB841678EB710036A0DA /* ClippyMacClient-Info.plist */,
				8868EB851678EB710036A0DA /* InfoPlist.strings */,
				8868EB881678EB710036A0DA /* main.m */,
				8868EB8A1678EB710036A0DA /* ClippyMacClient-Prefix.pch */,
				8868EB8B1678EB710036A0DA /* Credits.rtf */,
			);
			name = "Supporting Files";
			sourceTree = "<group>";
		};
		8868EB991678F31E0036A0DA /* Resources */ = {
			isa = PBXGroup;
			children = (
				8868EB9E16790C590036A0DA /* sync-image_red.png */,
				8868EB9F16790C590036A0DA /* sync-image.png */,
			);
			path = Resources;
			sourceTree = "<group>";
		};
/* End PBXGroup section */

/* Begin PBXNativeTarget section */
		8868EB771678EB710036A0DA /* ClippyMacClient */ = {
			isa = PBXNativeTarget;
			buildConfigurationList = 8868EB961678EB710036A0DA /* Build configuration list for PBXNativeTarget "ClippyMacClient" */;
			buildPhases = (
				8868EB741678EB710036A0DA /* Sources */,
				8868EB751678EB710036A0DA /* Frameworks */,
				8868EB761678EB710036A0DA /* Resources */,
			);
			buildRules = (
			);
			dependencies = (
			);
			name = ClippyMacClient;
			productName = ClippyMacClient;
			productReference = 8868EB781678EB710036A0DA /* ClippyMacClient.app */;
			productType = "com.apple.product-type.application";
		};
/* End PBXNativeTarget section */

/* Begin PBXProject section */
		8868EB6F1678EB710036A0DA /* Project object */ = {
			isa = PBXProject;
			attributes = {
				LastUpgradeCheck = 0450;
				ORGANIZATIONNAME = Esri;
			};
			buildConfigurationList = 8868EB721678EB710036A0DA /* Build configuration list for PBXProject "ClippyMacClient" */;
			compatibilityVersion = "Xcode 3.2";
			developmentRegion = English;
			hasScannedForEncodings = 0;
			knownRegions = (
				en,
			);
			mainGroup = 8868EB6D1678EB710036A0DA;
			productRefGroup = 8868EB791678EB710036A0DA /* Products */;
			projectDirPath = "";
			projectRoot = "";
			targets = (
				8868EB771678EB710036A0DA /* ClippyMacClient */,
			);
		};
/* End PBXProject section */

/* Begin PBXResourcesBuildPhase section */
		8868EB761678EB710036A0DA /* Resources */ = {
			isa = PBXResourcesBuildPhase;
			buildActionMask = 2147483647;
			files = (
				8868EB871678EB710036A0DA /* InfoPlist.strings in Resources */,
				8868EB8D1678EB710036A0DA /* Credits.rtf in Resources */,
				8868EB931678EB710036A0DA /* MainMenu.xib in Resources */,
				8868EBA016790C590036A0DA /* sync-image_red.png in Resources */,
				8868EBA116790C590036A0DA /* sync-image.png in Resources */,
				8868EBAB1679374D0036A0DA /* OptionsWindowController.xib in Resources */,
				8868EBB016793AD70036A0DA /* LoginWindowController.xib in Resources */,
				76BAB2FC1688128100A789EA /* RegistrationViewController.xib in Resources */,
			);
			runOnlyForDeploymentPostprocessing = 0;
		};
/* End PBXResourcesBuildPhase section */

/* Begin PBXSourcesBuildPhase section */
		8868EB741678EB710036A0DA /* Sources */ = {
			isa = PBXSourcesBuildPhase;
			buildActionMask = 2147483647;
			files = (
				8868EB891678EB710036A0DA /* main.m in Sources */,
				8868EB901678EB710036A0DA /* AppDelegate.m in Sources */,
				8868EBAA1679374D0036A0DA /* OptionsWindowController.m in Sources */,
				8868EBAF16793AD70036A0DA /* LoginWindowController.m in Sources */,
				76BAB2F11682CDA400A789EA /* ServerProtocol.m in Sources */,
				76BAB2F41682CDCB00A789EA /* NSString+Addition.m in Sources */,
				76BAB2F71682CEE200A789EA /* NSData+NSDataAdditions.m in Sources */,
				76BAB2FB1688128100A789EA /* RegistrationViewController.m in Sources */,
			);
			runOnlyForDeploymentPostprocessing = 0;
		};
/* End PBXSourcesBuildPhase section */

/* Begin PBXVariantGroup section */
		8868EB851678EB710036A0DA /* InfoPlist.strings */ = {
			isa = PBXVariantGroup;
			children = (
				8868EB861678EB710036A0DA /* en */,
			);
			name = InfoPlist.strings;
			sourceTree = "<group>";
		};
		8868EB8B1678EB710036A0DA /* Credits.rtf */ = {
			isa = PBXVariantGroup;
			children = (
				8868EB8C1678EB710036A0DA /* en */,
			);
			name = Credits.rtf;
			sourceTree = "<group>";
		};
		8868EB911678EB710036A0DA /* MainMenu.xib */ = {
			isa = PBXVariantGroup;
			children = (
				8868EB921678EB710036A0DA /* en */,
			);
			name = MainMenu.xib;
			sourceTree = "<group>";
		};
/* End PBXVariantGroup section */

/* Begin XCBuildConfiguration section */
		8868EB941678EB710036A0DA /* Debug */ = {
			isa = XCBuildConfiguration;
			buildSettings = {
				ALWAYS_SEARCH_USER_PATHS = NO;
				ARCHS = "$(ARCHS_STANDARD_64_BIT)";
				CLANG_CXX_LANGUAGE_STANDARD = "gnu++0x";
				CLANG_CXX_LIBRARY = "libc++";
				CLANG_ENABLE_OBJC_ARC = YES;
				CLANG_WARN_EMPTY_BODY = YES;
				CLANG_WARN__DUPLICATE_METHOD_MATCH = YES;
				COPY_PHASE_STRIP = NO;
				GCC_C_LANGUAGE_STANDARD = gnu99;
				GCC_DYNAMIC_NO_PIC = NO;
				GCC_ENABLE_OBJC_EXCEPTIONS = YES;
				GCC_OPTIMIZATION_LEVEL = 0;
				GCC_PRECOMPILE_PREFIX_HEADER = YES;
				GCC_PREPROCESSOR_DEFINITIONS = (
					"DEBUG=1",
					"$(inherited)",
				);
				GCC_SYMBOLS_PRIVATE_EXTERN = NO;
				GCC_WARN_64_TO_32_BIT_CONVERSION = YES;
				GCC_WARN_ABOUT_RETURN_TYPE = YES;
				GCC_WARN_UNINITIALIZED_AUTOS = YES;
				GCC_WARN_UNUSED_VARIABLE = YES;
				MACOSX_DEPLOYMENT_TARGET = 10.8;
				ONLY_ACTIVE_ARCH = YES;
				PRECOMPS_INCLUDE_HEADERS_FROM_BUILT_PRODUCTS_DIR = NO;
				SDKROOT = macosx;
			};
			name = Debug;
		};
		8868EB951678EB710036A0DA /* Release */ = {
			isa = XCBuildConfiguration;
			buildSettings = {
				ALWAYS_SEARCH_USER_PATHS = NO;
				ARCHS = "$(ARCHS_STANDARD_64_BIT)";
				CLANG_CXX_LANGUAGE_STANDARD = "gnu++0x";
				CLANG_CXX_LIBRARY = "libc++";
				CLANG_ENABLE_OBJC_ARC = YES;
				CLANG_WARN_EMPTY_BODY = YES;
				CLANG_WARN__DUPLICATE_METHOD_MATCH = YES;
				COPY_PHASE_STRIP = YES;
				DEBUG_INFORMATION_FORMAT = "dwarf-with-dsym";
				GCC_C_LANGUAGE_STANDARD = gnu99;
				GCC_ENABLE_OBJC_EXCEPTIONS = YES;
				GCC_PRECOMPILE_PREFIX_HEADER = YES;
				GCC_WARN_64_TO_32_BIT_CONVERSION = YES;
				GCC_WARN_ABOUT_RETURN_TYPE = YES;
				GCC_WARN_UNINITIALIZED_AUTOS = YES;
				GCC_WARN_UNUSED_VARIABLE = YES;
				MACOSX_DEPLOYMENT_TARGET = 10.8;
				PRECOMPS_INCLUDE_HEADERS_FROM_BUILT_PRODUCTS_DIR = NO;
				SDKROOT = macosx;
			};
			name = Release;
		};
		8868EB971678EB710036A0DA /* Debug */ = {
			isa = XCBuildConfiguration;
			buildSettings = {
				COMBINE_HIDPI_IMAGES = YES;
				GCC_PRECOMPILE_PREFIX_HEADER = NO;
				GCC_PREFIX_HEADER = "";
				INFOPLIST_FILE = "ClippyMacClient/ClippyMacClient-Info.plist";
				PRECOMPS_INCLUDE_HEADERS_FROM_BUILT_PRODUCTS_DIR = NO;
				PRODUCT_NAME = "$(TARGET_NAME)";
				WRAPPER_EXTENSION = app;
			};
			name = Debug;
		};
		8868EB981678EB710036A0DA /* Release */ = {
			isa = XCBuildConfiguration;
			buildSettings = {
				COMBINE_HIDPI_IMAGES = YES;
				GCC_PRECOMPILE_PREFIX_HEADER = NO;
				GCC_PREFIX_HEADER = "";
				INFOPLIST_FILE = "ClippyMacClient/ClippyMacClient-Info.plist";
				PRECOMPS_INCLUDE_HEADERS_FROM_BUILT_PRODUCTS_DIR = NO;
				PRODUCT_NAME = "$(TARGET_NAME)";
				WRAPPER_EXTENSION = app;
			};
			name = Release;
		};
/* End XCBuildConfiguration section */

/* Begin XCConfigurationList section */
		8868EB721678EB710036A0DA /* Build configuration list for PBXProject "ClippyMacClient" */ = {
			isa = XCConfigurationList;
			buildConfigurations = (
				8868EB941678EB710036A0DA /* Debug */,
				8868EB951678EB710036A0DA /* Release */,
			);
			defaultConfigurationIsVisible = 0;
			defaultConfigurationName = Release;
		};
		8868EB961678EB710036A0DA /* Build configuration list for PBXNativeTarget "ClippyMacClient" */ = {
			isa = XCConfigurationList;
			buildConfigurations = (
				8868EB971678EB710036A0DA /* Debug */,
				8868EB981678EB710036A0DA /* Release */,
			);
			defaultConfigurationIsVisible = 0;
			defaultConfigurationName = Release;
		};
/* End XCConfigurationList section */
	};
	rootObject = 8868EB6F1678EB710036A0DA /* Project object */;
}
